
Microsoft Visual Studio Solution File, Format Version 12.00
# Visual Studio Version 17
VisualStudioVersion = 17.5.33516.290
MinimumVisualStudioVersion = 10.0.40219.1
Project("{FAE04EC0-301F-11D3-BF4B-00C04F79EFBC}") = "C# Class and Struct Homework", "C# Class and Struct Homework\C# Class and Struct Homework.csproj", "{3FFE3658-1098-46E8-8590-36897FB1BFDD}"
EndProject
Global
	GlobalSection(SolutionConfigurationPlatforms) = preSolution
		Debug|Any CPU = Debug|Any CPU
		Release|Any CPU = Release|Any CPU
	EndGlobalSection
	GlobalSection(ProjectConfigurationPlatforms) = postSolution
		{3FFE3658-1098-46E8-8590-36897FB1BFDD}.Debug|Any CPU.ActiveCfg = Debug|Any CPU
		{3FFE3658-1098-46E8-8590-36897FB1BFDD}.Debug|Any CPU.Build.0 = Debug|Any CPU
		{3FFE3658-1098-46E8-8590-36897FB1BFDD}.Release|Any CPU.ActiveCfg = Release|Any CPU
		{3FFE3658-1098-46E8-8590-36897FB1BFDD}.Release|Any CPU.Build.0 = Release|Any CPU
	EndGlobalSection
	GlobalSection(SolutionProperties) = preSolution
		HideSolutionNode = FALSE
	EndGlobalSection
	GlobalSection(ExtensibilityGlobals) = postSolution
		SolutionGuid = {AB6AE327-4541-48CE-9BBE-7E0A13B36533}
	EndGlobalSection
EndGlobal
